<?xml version="1.0" encoding="utf-8"?>
<Project ToolsVersion="4.0" xmlns="http://schemas.microsoft.com/developer/msbuild/2003">
  <ItemGroup>
    <Filter Include="Source Files">
      <UniqueIdentifier>{4FC737F1-C7A5-4376-A066-2A32D752A2FF}</UniqueIdentifier>
      <Extensions>cpp;c;cc;cxx;def;odl;idl;hpj;bat;asm;asmx</Extensions>
    </Filter>
    <Filter Include="Header Files">
      <UniqueIdentifier>{93995380-89BD-4b04-88EB-625FBE52EBFB}</UniqueIdentifier>
      <Extensions>h;hh;hpp;hxx;hm;inl;inc;xsd</Extensions>
    </Filter>
    <Filter Include="Resource Files">
      <UniqueIdentifier>{67DA6AB6-F800-4c08-8B7A-83BB121AAD01}</UniqueIdentifier>
      <Extensions>rc;ico;cur;bmp;dlg;rc2;rct;bin;rgs;gif;jpg;jpeg;jpe;resx;tiff;tif;png;wav;mfcribbon-ms</Extensions>
    </Filter>
  </ItemGroup>
  <ItemGroup>
    <ClCompile Include="shprogram.cpp">
      <Filter>Source Files</Filter>
    </ClCompile>
    <ClCompile Include="test.cpp">
      <Filter>Source Files</Filter>
    </ClCompile>
    <ClCompile Include="camera.cpp">
      <Filter>Source Files</Filter>
    </ClCompile>
    <ClCompile Include="utils.cpp">
      <Filter>Source Files</Filter>
    </ClCompile>
    <ClCompile Include="Object3D.cpp">
      <Filter>Source Files</Filter>
    </ClCompile>
    <ClCompile Include="Model.cpp">
      <Filter>Source Files</Filter>
    </ClCompile>
    <ClCompile Include="TylnySpoiler.cpp">
      <Filter>Source Files</Filter>
    </ClCompile>
    <ClCompile Include="PrzedniSpoiler.cpp">
      <Filter>Source Files</Filter>
    </ClCompile>
    <ClCompile Include="Kadlub.cpp">
      <Filter>Source Files</Filter>
    </ClCompile>
    <ClCompile Include="Bolid.cpp">
      <Filter>Source Files</Filter>
    </ClCompile>
    <ClCompile Include="Floor.cpp">
      <Filter>Source Files</Filter>
    </ClCompile>
    <ClCompile Include="Light.cpp">
      <Filter>Source Files</Filter>
    </ClCompile>
    <ClCompile Include="Kolo.cpp">
      <Filter>Source Files</Filter>
    </ClCompile>
    <ClCompile Include="RoadSegment.cpp">
      <Filter>Source Files</Filter>
    </ClCompile>
  </ItemGroup>
  <ItemGroup>
    <None Include="gl_05.frag" />
    <None Include="gl_05.vert" />
    <None Include="shaders\BasicShader.frag">
      <Filter>Source Files</Filter>
    </None>
    <None Include="shaders\BasicShader.vert">
      <Filter>Source Files</Filter>
    </None>
    <None Include="skyboxShader.vert">
      <Filter>Source Files</Filter>
    </None>
    <None Include="skyboxShader.frag">
      <Filter>Source Files</Filter>
    </None>
    <None Include="LightSourceShader.frag">
      <Filter>Source Files</Filter>
    </None>
    <None Include="LightSourceShader.vert">
      <Filter>Source Files</Filter>
    </None>
  </ItemGroup>
  <ItemGroup>
    <Image Include="iipw.png">
      <Filter>Resource Files</Filter>
    </Image>
    <Image Include="weiti.png">
      <Filter>Resource Files</Filter>
    </Image>
    <Image Include="bricks.bmp">
      <Filter>Resource Files</Filter>
    </Image>
    <Image Include="..\ResourceFiles\carbon.png">
      <Filter>Resource Files</Filter>
    </Image>
    <Image Include="..\ResourceFiles\spoiler.png">
      <Filter>Resource Files</Filter>
    </Image>
    <Image Include="przedniSpoiler1.png">
      <Filter>Resource Files</Filter>
    </Image>
    <Image Include="..\ResourceFiles\przedniSpoiler2.png">
      <Filter>Resource Files</Filter>
    </Image>
    <Image Include="..\ResourceFiles\red.png">
      <Filter>Resource Files</Filter>
    </Image>
    <Image Include="..\ResourceFiles\chassis1.png">
      <Filter>Resource Files</Filter>
    </Image>
    <Image Include="..\ResourceFiles\chasis12.png">
      <Filter>Resource Files</Filter>
    </Image>
    <Image Include="..\ResourceFiles\chassis2.png">
      <Filter>Resource Files</Filter>
    </Image>
    <Image Include="..\ResourceFiles\orange.png">
      <Filter>Resource Files</Filter>
    </Image>
    <Image Include="..\ResourceFiles\back.png">
      <Filter>Resource Files</Filter>
    </Image>
    <Image Include="..\ResourceFiles\bottom.png">
      <Filter>Resource Files</Filter>
    </Image>
    <Image Include="..\ResourceFiles\front.png">
      <Filter>Resource Files</Filter>
    </Image>
    <Image Include="..\ResourceFiles\left.png">
      <Filter>Resource Files</Filter>
    </Image>
    <Image Include="..\ResourceFiles\right.png">
      <Filter>Resource Files</Filter>
    </Image>
    <Image Include="..\ResourceFiles\road.png">
      <Filter>Resource Files</Filter>
    </Image>
    <Image Include="..\ResourceFiles\top.png">
      <Filter>Resource Files</Filter>
    </Image>
    <Image Include="..\ResourceFiles\bricks.png">
      <Filter>Resource Files</Filter>
    </Image>
    <Image Include="..\ResourceFiles\grass.png">
      <Filter>Resource Files</Filter>
    </Image>
    <Image Include="..\ResourceFiles\opona.png">
      <Filter>Resource Files</Filter>
    </Image>
  </ItemGroup>
  <ItemGroup>
    <ClInclude Include="include\shprogram.h">
      <Filter>Header Files</Filter>
    </ClInclude>
    <ClInclude Include="include\camera.h">
      <Filter>Header Files</Filter>
    </ClInclude>
    <ClInclude Include="include\utils.h">
      <Filter>Header Files</Filter>
    </ClInclude>
    <ClInclude Include="include\Object3D.h">
      <Filter>Header Files</Filter>
    </ClInclude>
    <ClInclude Include="include\Model.h">
      <Filter>Header Files</Filter>
    </ClInclude>
    <ClInclude Include="include\Light.h">
      <Filter>Header Files</Filter>
    </ClInclude>
    <ClInclude Include="include\Bolid.h">
      <Filter>Header Files</Filter>
    </ClInclude>
    <ClInclude Include="include\Floor.h">
      <Filter>Header Files</Filter>
    </ClInclude>
    <ClInclude Include="include\Kadlub.h">
      <Filter>Header Files</Filter>
    </ClInclude>
    <ClInclude Include="include\PrzedniSpoiler.h">
      <Filter>Header Files</Filter>
    </ClInclude>
    <ClInclude Include="include\TylnySpoiler.h">
      <Filter>Header Files</Filter>
    </ClInclude>
    <ClInclude Include="include\Cube.h">
      <Filter>Header Files</Filter>
    </ClInclude>
    <ClInclude Include="include\RoadSegment.h">
      <Filter>Header Files</Filter>
    </ClInclude>
  </ItemGroup>
</Project>